
Microsoft Visual Studio Solution File, Format Version 12.00
# Visual Studio Version 16
VisualStudioVersion = 16.0.30503.244
MinimumVisualStudioVersion = 10.0.40219.1
Project("{888888A0-9F3D-457C-B088-3A5042F75D52}") = "Othello", "Othello.pyproj", "{90A9F00C-3AC9-4164-9259-9CDDEDEADAAE}"
EndProject
Global
	GlobalSection(SolutionConfigurationPlatforms) = preSolution
		Debug|Any CPU = Debug|Any CPU
		Release|Any CPU = Release|Any CPU
	EndGlobalSection
	GlobalSection(ProjectConfigurationPlatforms) = postSolution
		{90A9F00C-3AC9-4164-9259-9CDDEDEADAAE}.Debug|Any CPU.ActiveCfg = Debug|Any CPU
		{90A9F00C-3AC9-4164-9259-9CDDEDEADAAE}.Release|Any CPU.ActiveCfg = Release|Any CPU
	EndGlobalSection
	GlobalSection(SolutionProperties) = preSolution
		HideSolutionNode = FALSE
	EndGlobalSection
	GlobalSection(ExtensibilityGlobals) = postSolution
		SolutionGuid = {102ABABE-DC3E-4203-BA70-B20E91DB82BD}
	EndGlobalSection
EndGlobal
